
Microsoft Visual Studio Solution File, Format Version 11.00
# Visual Studio 2010
Project("{8BC9CEB8-8B4A-11D0-8D11-00A0C91BC942}") = "STF", "STF\STF.vcxproj", "{3DACBBD5-7CDE-41F0-8D7B-6CFE686671BB}"
EndProject
Global
	GlobalSection(SolutionConfigurationPlatforms) = preSolution
		Debug|Win32 = Debug|Win32
		Release|Win32 = Release|Win32
	EndGlobalSection
	GlobalSection(ProjectConfigurationPlatforms) = postSolution
		{3DACBBD5-7CDE-41F0-8D7B-6CFE686671BB}.Debug|Win32.ActiveCfg = Debug|Win32
		{3DACBBD5-7CDE-41F0-8D7B-6CFE686671BB}.Debug|Win32.Build.0 = Debug|Win32
		{3DACBBD5-7CDE-41F0-8D7B-6CFE686671BB}.Release|Win32.ActiveCfg = Release|Win32
		{3DACBBD5-7CDE-41F0-8D7B-6CFE686671BB}.Release|Win32.Build.0 = Release|Win32
	EndGlobalSection
	GlobalSection(SolutionProperties) = preSolution
		HideSolutionNode = FALSE
	EndGlobalSection
EndGlobal
