<?xml version="1.0" encoding="utf-8"?>
<Project ToolsVersion="4.0" xmlns="http://schemas.microsoft.com/developer/msbuild/2003">
  <ItemGroup>
    <Filter Include="ソース ファイル">
      <UniqueIdentifier>{4FC737F1-C7A5-4376-A066-2A32D752A2FF}</UniqueIdentifier>
      <Extensions>cpp;c;cc;cxx;def;odl;idl;hpj;bat;asm;asmx</Extensions>
    </Filter>
    <Filter Include="ヘッダー ファイル">
      <UniqueIdentifier>{93995380-89BD-4b04-88EB-625FBE52EBFB}</UniqueIdentifier>
      <Extensions>h;hpp;hxx;hm;inl;inc;xsd</Extensions>
    </Filter>
    <Filter Include="リソース ファイル">
      <UniqueIdentifier>{67DA6AB6-F800-4c08-8B7A-83BB121AAD01}</UniqueIdentifier>
      <Extensions>rc;ico;cur;bmp;dlg;rc2;rct;bin;rgs;gif;jpg;jpeg;jpe;resx;tiff;tif;png;wav;mfcribbon-ms</Extensions>
    </Filter>
  </ItemGroup>
  <ItemGroup>
    <ClCompile Include="main.cpp">
      <Filter>ソース ファイル</Filter>
    </ClCompile>
    <ClCompile Include="..\STF\stf\datatype\test\DateTimeTest.cpp">
      <Filter>ソース ファイル</Filter>
    </ClCompile>
    <ClCompile Include="..\STF\stf\datatype\test\DCMTest.cpp">
      <Filter>ソース ファイル</Filter>
    </ClCompile>
    <ClCompile Include="..\STF\stf\datatype\test\ListTest.cpp">
      <Filter>ソース ファイル</Filter>
    </ClCompile>
    <ClCompile Include="..\STF\stf\datatype\test\MagneticTest.cpp">
      <Filter>ソース ファイル</Filter>
    </ClCompile>
    <ClCompile Include="..\STF\stf\datatype\test\MatrixTest.cpp">
      <Filter>ソース ファイル</Filter>
    </ClCompile>
    <ClCompile Include="..\STF\stf\datatype\test\OrbitCalcTest.cpp">
      <Filter>ソース ファイル</Filter>
    </ClCompile>
    <ClCompile Include="..\STF\stf\datatype\test\OrbitInfoTest.cpp">
      <Filter>ソース ファイル</Filter>
    </ClCompile>
    <ClCompile Include="..\STF\stf\datatype\test\QuaternionTest.cpp">
      <Filter>ソース ファイル</Filter>
    </ClCompile>
    <ClCompile Include="..\STF\stf\datatype\test\StaticVectorTest.cpp">
      <Filter>ソース ファイル</Filter>
    </ClCompile>
    <ClCompile Include="..\STF\stf\datatype\test\StringTest.cpp">
      <Filter>ソース ファイル</Filter>
    </ClCompile>
    <ClCompile Include="..\STF\stf\datatype\test\TimeTest.cpp">
      <Filter>ソース ファイル</Filter>
    </ClCompile>
    <ClCompile Include="..\STF\stf\datatype\test\TypeConverterTest.cpp">
      <Filter>ソース ファイル</Filter>
    </ClCompile>
    <ClCompile Include="..\STF\stf\datatype\test\VectorTest.cpp">
      <Filter>ソース ファイル</Filter>
    </ClCompile>
    <ClCompile Include="..\STF\stf\datatype\test\EnvironmentsTest.cpp">
      <Filter>ソース ファイル</Filter>
    </ClCompile>
    <ClCompile Include="..\STF\stf\datatype\test\EulerAngleTest.cpp">
      <Filter>ソース ファイル</Filter>
    </ClCompile>
    <ClCompile Include="..\STF\stf\datatype\Quaternion.cpp">
      <Filter>リソース ファイル</Filter>
    </ClCompile>
    <ClCompile Include="..\STF\stf\datatype\String.cpp">
      <Filter>リソース ファイル</Filter>
    </ClCompile>
    <ClCompile Include="..\STF\stf\datatype\TypeConverter.cpp">
      <Filter>リソース ファイル</Filter>
    </ClCompile>
    <ClCompile Include="..\STF\stf\datatype\Vector.cpp">
      <Filter>リソース ファイル</Filter>
    </ClCompile>
    <ClCompile Include="..\STF\stf\datatype\DCM.cpp">
      <Filter>リソース ファイル</Filter>
    </ClCompile>
    <ClCompile Include="..\STF\stf\datatype\EulerAngle.cpp">
      <Filter>リソース ファイル</Filter>
    </ClCompile>
    <ClCompile Include="..\STF\stf\datatype\Magnetic.cpp">
      <Filter>リソース ファイル</Filter>
    </ClCompile>
    <ClCompile Include="..\STF\stf\datatype\Matrix.cpp">
      <Filter>リソース ファイル</Filter>
    </ClCompile>
    <ClCompile Include="..\STF\stf\datatype\OrbitCalc.cpp">
      <Filter>リソース ファイル</Filter>
    </ClCompile>
    <ClCompile Include="..\STF\stf\util\math\Exp.cpp">
      <Filter>リソース ファイル</Filter>
    </ClCompile>
    <ClCompile Include="..\STF\stf\util\math\Rand.cpp">
      <Filter>リソース ファイル</Filter>
    </ClCompile>
    <ClCompile Include="..\STF\stf\util\math.cpp">
      <Filter>リソース ファイル</Filter>
    </ClCompile>
    <ClCompile Include="..\STF\stf\util\Ostream.cpp">
      <Filter>リソース ファイル</Filter>
    </ClCompile>
    <ClCompile Include="..\STF\stf\util\Trace.cpp">
      <Filter>リソース ファイル</Filter>
    </ClCompile>
    <ClCompile Include="..\STF\stf\environment\sgp4\orbitutil.cpp">
      <Filter>リソース ファイル</Filter>
    </ClCompile>
    <ClCompile Include="..\STF\stf\environment\sgp4\sgp4ext.cpp">
      <Filter>リソース ファイル</Filter>
    </ClCompile>
    <ClCompile Include="..\STF\stf\environment\sgp4\sgp4io.cpp">
      <Filter>リソース ファイル</Filter>
    </ClCompile>
    <ClCompile Include="..\STF\stf\environment\sgp4\sgp4unit.cpp">
      <Filter>リソース ファイル</Filter>
    </ClCompile>
    <ClCompile Include="..\STF\stf\environment\models\igrf.cpp">
      <Filter>リソース ファイル</Filter>
    </ClCompile>
  </ItemGroup>
  <ItemGroup>
    <ClInclude Include="..\STF\stf\datatype\OrbitCalc.h">
      <Filter>リソース ファイル</Filter>
    </ClInclude>
    <ClInclude Include="..\STF\stf\datatype\OrbitInfo.h">
      <Filter>リソース ファイル</Filter>
    </ClInclude>
    <ClInclude Include="..\STF\stf\datatype\Quaternion.h">
      <Filter>リソース ファイル</Filter>
    </ClInclude>
    <ClInclude Include="..\STF\stf\datatype\SatelliteModel.h">
      <Filter>リソース ファイル</Filter>
    </ClInclude>
    <ClInclude Include="..\STF\stf\datatype\Scalar.h">
      <Filter>リソース ファイル</Filter>
    </ClInclude>
    <ClInclude Include="..\STF\stf\datatype\StaticMatrix.h">
      <Filter>リソース ファイル</Filter>
    </ClInclude>
    <ClInclude Include="..\STF\stf\datatype\StaticVector.h">
      <Filter>リソース ファイル</Filter>
    </ClInclude>
    <ClInclude Include="..\STF\stf\datatype\String.h">
      <Filter>リソース ファイル</Filter>
    </ClInclude>
    <ClInclude Include="..\STF\stf\datatype\Time.h">
      <Filter>リソース ファイル</Filter>
    </ClInclude>
    <ClInclude Include="..\STF\stf\datatype\TypeConverter.h">
      <Filter>リソース ファイル</Filter>
    </ClInclude>
    <ClInclude Include="..\STF\stf\datatype\Vector.h">
      <Filter>リソース ファイル</Filter>
    </ClInclude>
    <ClInclude Include="..\STF\stf\datatype\DateTime.h">
      <Filter>リソース ファイル</Filter>
    </ClInclude>
    <ClInclude Include="..\STF\stf\datatype\DCM.h">
      <Filter>リソース ファイル</Filter>
    </ClInclude>
    <ClInclude Include="..\STF\stf\datatype\Environments.h">
      <Filter>リソース ファイル</Filter>
    </ClInclude>
    <ClInclude Include="..\STF\stf\datatype\EulerAngle.h">
      <Filter>リソース ファイル</Filter>
    </ClInclude>
    <ClInclude Include="..\STF\stf\datatype\IAocsData.h">
      <Filter>リソース ファイル</Filter>
    </ClInclude>
    <ClInclude Include="..\STF\stf\datatype\List.h">
      <Filter>リソース ファイル</Filter>
    </ClInclude>
    <ClInclude Include="..\STF\stf\datatype\Magnetic.h">
      <Filter>リソース ファイル</Filter>
    </ClInclude>
    <ClInclude Include="..\STF\stf\datatype\Matrix.h">
      <Filter>リソース ファイル</Filter>
    </ClInclude>
    <ClInclude Include="..\STF\stf\util\math\Exp.h">
      <Filter>リソース ファイル</Filter>
    </ClInclude>
    <ClInclude Include="..\STF\stf\util\math\Rand.h">
      <Filter>リソース ファイル</Filter>
    </ClInclude>
    <ClInclude Include="..\STF\stf\util\math\RungeKutta.h">
      <Filter>リソース ファイル</Filter>
    </ClInclude>
    <ClInclude Include="..\STF\stf\util\math.h">
      <Filter>リソース ファイル</Filter>
    </ClInclude>
    <ClInclude Include="..\STF\stf\util\Null.h">
      <Filter>リソース ファイル</Filter>
    </ClInclude>
    <ClInclude Include="..\STF\stf\util\Ostream.h">
      <Filter>リソース ファイル</Filter>
    </ClInclude>
    <ClInclude Include="..\STF\stf\util\Trace.h">
      <Filter>リソース ファイル</Filter>
    </ClInclude>
    <ClInclude Include="..\STF\stf\environment\sgp4\orbitutil.h">
      <Filter>リソース ファイル</Filter>
    </ClInclude>
    <ClInclude Include="..\STF\stf\environment\sgp4\sgp4ext.h">
      <Filter>リソース ファイル</Filter>
    </ClInclude>
    <ClInclude Include="..\STF\stf\environment\sgp4\sgp4io.h">
      <Filter>リソース ファイル</Filter>
    </ClInclude>
    <ClInclude Include="..\STF\stf\environment\sgp4\sgp4unit.h">
      <Filter>リソース ファイル</Filter>
    </ClInclude>
    <ClInclude Include="..\STF\stf\environment\models\igrf.h">
      <Filter>リソース ファイル</Filter>
    </ClInclude>
  </ItemGroup>
</Project>